{
  "version": 4,
  "terraform_version": "1.0.4",
  "serial": 25,
  "lineage": "f0d62db0-b71e-545c-257c-b9e9a23352e0",
  "outputs": {},
  "resources": [
    {
      "module": "module.IGW",
      "mode": "managed",
      "type": "aws_internet_gateway",
      "name": "bank-IGW",
      "provider": "provider[\"registry.terraform.io/hashicorp/aws\"]",
      "instances": [
        {
          "schema_version": 0,
          "attributes": {
            "arn": "arn:aws:ec2:ap-south-1:423162214320:internet-gateway/igw-0b1da5bffbcc39248",
            "id": "igw-0b1da5bffbcc39248",
            "owner_id": "423162214320",
            "tags": {
              "Name": "bank-IGW"
            },
            "tags_all": {
              "Name": "bank-IGW"
            },
            "vpc_id": "vpc-09b18d6e07bb0ce9e"
          },
          "sensitive_attributes": [],
          "private": "bnVsbA==",
          "dependencies": [
            "module.vpc.aws_vpc.bank-vpc"
          ]
        }
      ]
    },
    {
      "module": "module.NGW",
      "mode": "managed",
      "type": "aws_eip",
      "name": "bank-EIP",
      "provider": "provider[\"registry.terraform.io/hashicorp/aws\"]",
      "instances": [
        {
          "schema_version": 0,
          "attributes": {
            "address": null,
            "allocation_id": null,
            "associate_with_private_ip": null,
            "association_id": "eipassoc-048ce168bbda727a3",
            "carrier_ip": "",
            "customer_owned_ip": "",
            "customer_owned_ipv4_pool": "",
            "domain": "vpc",
            "id": "eipalloc-0827d37b0230ea5cd",
            "instance": "",
            "network_border_group": "ap-south-1",
            "network_interface": "eni-0f2466682f45831f5",
            "private_dns": "ip-10-0-0-159.ap-south-1.compute.internal",
            "private_ip": "10.0.0.159",
            "public_dns": "ec2-3-109-134-215.ap-south-1.compute.amazonaws.com",
            "public_ip": "3.109.134.215",
            "public_ipv4_pool": "amazon",
            "tags": {},
            "tags_all": {},
            "timeouts": null,
            "vpc": true
          },
          "sensitive_attributes": [],
          "private": "eyJlMmJmYjczMC1lY2FhLTExZTYtOGY4OC0zNDM2M2JjN2M0YzAiOnsiZGVsZXRlIjoxODAwMDAwMDAwMDAsInJlYWQiOjkwMDAwMDAwMDAwMCwidXBkYXRlIjozMDAwMDAwMDAwMDB9fQ=="
        }
      ]
    },
    {
      "module": "module.NGW",
      "mode": "managed",
      "type": "aws_nat_gateway",
      "name": "bank-NGW",
      "provider": "provider[\"registry.terraform.io/hashicorp/aws\"]",
      "instances": [
        {
          "schema_version": 0,
          "attributes": {
            "allocation_id": "eipalloc-0827d37b0230ea5cd",
            "connectivity_type": "public",
            "id": "nat-0a3ddf28bcec777c6",
            "network_interface_id": "eni-0f2466682f45831f5",
            "private_ip": "10.0.0.159",
            "public_ip": "3.109.134.215",
            "subnet_id": "subnet-02d60f80d8ecf27c7",
            "tags": {
              "Name": "bank-NGW"
            },
            "tags_all": {
              "Name": "bank-NGW"
            }
          },
          "sensitive_attributes": [],
          "private": "bnVsbA==",
          "dependencies": [
            "module.NGW.aws_eip.bank-EIP",
            "module.subnet.aws_subnet.bank-public-subnet",
            "module.vpc.aws_vpc.bank-vpc"
          ]
        }
      ]
    },
    {
      "module": "module.RouteTable",
      "mode": "managed",
      "type": "aws_route_table",
      "name": "private-RT",
      "provider": "provider[\"registry.terraform.io/hashicorp/aws\"]",
      "instances": [
        {
          "schema_version": 0,
          "attributes": {
            "arn": "arn:aws:ec2:ap-south-1:423162214320:route-table/rtb-0315758ce530a1b67",
            "id": "rtb-0315758ce530a1b67",
            "owner_id": "423162214320",
            "propagating_vgws": [],
            "route": [
              {
                "carrier_gateway_id": "",
                "cidr_block": "0.0.0.0/0",
                "destination_prefix_list_id": "",
                "egress_only_gateway_id": "",
                "gateway_id": "",
                "instance_id": "",
                "ipv6_cidr_block": "",
                "local_gateway_id": "",
                "nat_gateway_id": "nat-0a3ddf28bcec777c6",
                "network_interface_id": "",
                "transit_gateway_id": "",
                "vpc_endpoint_id": "",
                "vpc_peering_connection_id": ""
              }
            ],
            "tags": {
              "Name": "private-RT"
            },
            "tags_all": {
              "Name": "private-RT"
            },
            "vpc_id": "vpc-09b18d6e07bb0ce9e"
          },
          "sensitive_attributes": [],
          "private": "bnVsbA==",
          "dependencies": [
            "module.NGW.aws_eip.bank-EIP",
            "module.NGW.aws_nat_gateway.bank-NGW",
            "module.subnet.aws_subnet.bank-public-subnet",
            "module.vpc.aws_vpc.bank-vpc"
          ]
        }
      ]
    },
    {
      "module": "module.RouteTable",
      "mode": "managed",
      "type": "aws_route_table",
      "name": "public-RT",
      "provider": "provider[\"registry.terraform.io/hashicorp/aws\"]",
      "instances": [
        {
          "schema_version": 0,
          "attributes": {
            "arn": "arn:aws:ec2:ap-south-1:423162214320:route-table/rtb-05d496150a5571742",
            "id": "rtb-05d496150a5571742",
            "owner_id": "423162214320",
            "propagating_vgws": [],
            "route": [
              {
                "carrier_gateway_id": "",
                "cidr_block": "0.0.0.0/0",
                "destination_prefix_list_id": "",
                "egress_only_gateway_id": "",
                "gateway_id": "igw-0b1da5bffbcc39248",
                "instance_id": "",
                "ipv6_cidr_block": "",
                "local_gateway_id": "",
                "nat_gateway_id": "",
                "network_interface_id": "",
                "transit_gateway_id": "",
                "vpc_endpoint_id": "",
                "vpc_peering_connection_id": ""
              }
            ],
            "tags": {
              "Name": "public-RT"
            },
            "tags_all": {
              "Name": "public-RT"
            },
            "vpc_id": "vpc-09b18d6e07bb0ce9e"
          },
          "sensitive_attributes": [],
          "private": "bnVsbA==",
          "dependencies": [
            "module.IGW.aws_internet_gateway.bank-IGW",
            "module.vpc.aws_vpc.bank-vpc"
          ]
        }
      ]
    },
    {
      "module": "module.SecurityGroup",
      "mode": "managed",
      "type": "aws_security_group",
      "name": "private-SG",
      "provider": "provider[\"registry.terraform.io/hashicorp/aws\"]",
      "instances": [
        {
          "schema_version": 1,
          "attributes": {
            "arn": "arn:aws:ec2:ap-south-1:423162214320:security-group/sg-09db8bad77e672dd8",
            "description": "Managed by Terraform",
            "egress": [
              {
                "cidr_blocks": [
                  "0.0.0.0/0"
                ],
                "description": "All traffic",
                "from_port": 0,
                "ipv6_cidr_blocks": [],
                "prefix_list_ids": [],
                "protocol": "-1",
                "security_groups": [],
                "self": false,
                "to_port": 0
              }
            ],
            "id": "sg-09db8bad77e672dd8",
            "ingress": [
              {
                "cidr_blocks": [
                  "10.0.0.0/24"
                ],
                "description": "SSH from bastion host",
                "from_port": 22,
                "ipv6_cidr_blocks": [],
                "prefix_list_ids": [],
                "protocol": "tcp",
                "security_groups": [],
                "self": false,
                "to_port": 22
              }
            ],
            "name": "private-SG",
            "name_prefix": "",
            "owner_id": "423162214320",
            "revoke_rules_on_delete": false,
            "tags": {
              "Name": "private-SG"
            },
            "tags_all": {
              "Name": "private-SG"
            },
            "timeouts": null,
            "vpc_id": "vpc-09b18d6e07bb0ce9e"
          },
          "sensitive_attributes": [],
          "private": "eyJlMmJmYjczMC1lY2FhLTExZTYtOGY4OC0zNDM2M2JjN2M0YzAiOnsiY3JlYXRlIjo2MDAwMDAwMDAwMDAsImRlbGV0ZSI6OTAwMDAwMDAwMDAwfSwic2NoZW1hX3ZlcnNpb24iOiIxIn0=",
          "dependencies": [
            "module.vpc.aws_vpc.bank-vpc"
          ]
        }
      ]
    },
    {
      "module": "module.SecurityGroup",
      "mode": "managed",
      "type": "aws_security_group",
      "name": "public-SG",
      "provider": "provider[\"registry.terraform.io/hashicorp/aws\"]",
      "instances": [
        {
          "schema_version": 1,
          "attributes": {
            "arn": "arn:aws:ec2:ap-south-1:423162214320:security-group/sg-0868a519d4215de6b",
            "description": "Managed by Terraform",
            "egress": [
              {
                "cidr_blocks": [
                  "0.0.0.0/0"
                ],
                "description": "All traffic",
                "from_port": 0,
                "ipv6_cidr_blocks": [],
                "prefix_list_ids": [],
                "protocol": "-1",
                "security_groups": [],
                "self": false,
                "to_port": 0
              }
            ],
            "id": "sg-0868a519d4215de6b",
            "ingress": [
              {
                "cidr_blocks": [
                  "0.0.0.0/0"
                ],
                "description": "SSH from all traffic",
                "from_port": 22,
                "ipv6_cidr_blocks": [],
                "prefix_list_ids": [],
                "protocol": "tcp",
                "security_groups": [],
                "self": false,
                "to_port": 22
              }
            ],
            "name": "public-SG",
            "name_prefix": "",
            "owner_id": "423162214320",
            "revoke_rules_on_delete": false,
            "tags": {
              "Name": "public-SG"
            },
            "tags_all": {
              "Name": "public-SG"
            },
            "timeouts": null,
            "vpc_id": "vpc-09b18d6e07bb0ce9e"
          },
          "sensitive_attributes": [],
          "private": "eyJlMmJmYjczMC1lY2FhLTExZTYtOGY4OC0zNDM2M2JjN2M0YzAiOnsiY3JlYXRlIjo2MDAwMDAwMDAwMDAsImRlbGV0ZSI6OTAwMDAwMDAwMDAwfSwic2NoZW1hX3ZlcnNpb24iOiIxIn0=",
          "dependencies": [
            "module.vpc.aws_vpc.bank-vpc"
          ]
        }
      ]
    },
    {
      "module": "module.subnet",
      "mode": "managed",
      "type": "aws_subnet",
      "name": "bank-private-subnet",
      "provider": "provider[\"registry.terraform.io/hashicorp/aws\"]",
      "instances": [
        {
          "schema_version": 1,
          "attributes": {
            "arn": "arn:aws:ec2:ap-south-1:423162214320:subnet/subnet-06252a05663194db3",
            "assign_ipv6_address_on_creation": false,
            "availability_zone": "ap-south-1a",
            "availability_zone_id": "aps1-az1",
            "cidr_block": "10.0.1.0/24",
            "customer_owned_ipv4_pool": "",
            "id": "subnet-06252a05663194db3",
            "ipv6_cidr_block": "",
            "ipv6_cidr_block_association_id": "",
            "map_customer_owned_ip_on_launch": false,
            "map_public_ip_on_launch": false,
            "outpost_arn": "",
            "owner_id": "423162214320",
            "tags": {
              "Name": "bank-private-subnet"
            },
            "tags_all": {
              "Name": "bank-private-subnet"
            },
            "timeouts": null,
            "vpc_id": "vpc-09b18d6e07bb0ce9e"
          },
          "sensitive_attributes": [],
          "private": "eyJlMmJmYjczMC1lY2FhLTExZTYtOGY4OC0zNDM2M2JjN2M0YzAiOnsiY3JlYXRlIjo2MDAwMDAwMDAwMDAsImRlbGV0ZSI6MTIwMDAwMDAwMDAwMH0sInNjaGVtYV92ZXJzaW9uIjoiMSJ9",
          "dependencies": [
            "module.vpc.aws_vpc.bank-vpc"
          ]
        }
      ]
    },
    {
      "module": "module.subnet",
      "mode": "managed",
      "type": "aws_subnet",
      "name": "bank-public-subnet",
      "provider": "provider[\"registry.terraform.io/hashicorp/aws\"]",
      "instances": [
        {
          "schema_version": 1,
          "attributes": {
            "arn": "arn:aws:ec2:ap-south-1:423162214320:subnet/subnet-02d60f80d8ecf27c7",
            "assign_ipv6_address_on_creation": false,
            "availability_zone": "ap-south-1a",
            "availability_zone_id": "aps1-az1",
            "cidr_block": "10.0.0.0/24",
            "customer_owned_ipv4_pool": "",
            "id": "subnet-02d60f80d8ecf27c7",
            "ipv6_cidr_block": "",
            "ipv6_cidr_block_association_id": "",
            "map_customer_owned_ip_on_launch": false,
            "map_public_ip_on_launch": true,
            "outpost_arn": "",
            "owner_id": "423162214320",
            "tags": {
              "Name": "bank-public-subnet"
            },
            "tags_all": {
              "Name": "bank-public-subnet"
            },
            "timeouts": null,
            "vpc_id": "vpc-09b18d6e07bb0ce9e"
          },
          "sensitive_attributes": [],
          "private": "eyJlMmJmYjczMC1lY2FhLTExZTYtOGY4OC0zNDM2M2JjN2M0YzAiOnsiY3JlYXRlIjo2MDAwMDAwMDAwMDAsImRlbGV0ZSI6MTIwMDAwMDAwMDAwMH0sInNjaGVtYV92ZXJzaW9uIjoiMSJ9",
          "dependencies": [
            "module.vpc.aws_vpc.bank-vpc"
          ]
        }
      ]
    },
    {
      "module": "module.vpc",
      "mode": "managed",
      "type": "aws_vpc",
      "name": "bank-vpc",
      "provider": "provider[\"registry.terraform.io/hashicorp/aws\"]",
      "instances": [
        {
          "schema_version": 1,
          "attributes": {
            "arn": "arn:aws:ec2:ap-south-1:423162214320:vpc/vpc-09b18d6e07bb0ce9e",
            "assign_generated_ipv6_cidr_block": false,
            "cidr_block": "10.0.0.0/16",
            "default_network_acl_id": "acl-093d375620f013db9",
            "default_route_table_id": "rtb-04762d92f203950d3",
            "default_security_group_id": "sg-0be905ed361c49d26",
            "dhcp_options_id": "dopt-bc5becd7",
            "enable_classiclink": null,
            "enable_classiclink_dns_support": null,
            "enable_dns_hostnames": false,
            "enable_dns_support": true,
            "id": "vpc-09b18d6e07bb0ce9e",
            "instance_tenancy": "default",
            "ipv6_association_id": "",
            "ipv6_cidr_block": "",
            "main_route_table_id": "rtb-04762d92f203950d3",
            "owner_id": "423162214320",
            "tags": {
              "Name": "bank-vpc"
            },
            "tags_all": {
              "Name": "bank-vpc"
            }
          },
          "sensitive_attributes": [],
          "private": "eyJzY2hlbWFfdmVyc2lvbiI6IjEifQ=="
        }
      ]
    }
  ]
}
